// !$*UTF8*$!
{
	archiveVersion = 1;
	classes = {
	};
	objectVersion = 56;
	objects = {

/* Begin PBXBuildFile section */
		586A6F3D2D108A52009C4FC9 /* TaskModel+CoreDataClass.swift in Sources */ = {isa = PBXBuildFile; fileRef = 586A6F3B2D108A52009C4FC9 /* TaskModel+CoreDataClass.swift */; };
		586A6F3E2D108A52009C4FC9 /* TaskModel+CoreDataProperties.swift in Sources */ = {isa = PBXBuildFile; fileRef = 586A6F3C2D108A52009C4FC9 /* TaskModel+CoreDataProperties.swift */; };
		5872D1F62D0AF0AB00697A23 /* LaunchScreen.storyboard in Resources */ = {isa = PBXBuildFile; fileRef = 58BA75562D0AE82D0039C0EA /* LaunchScreen.storyboard */; };
		5872D1FB2D0AF37000697A23 /* Extensions.swift in Sources */ = {isa = PBXBuildFile; fileRef = 5872D1FA2D0AF37000697A23 /* Extensions.swift */; };
		5872D1FD2D0AF99C00697A23 /* NetworkManager.swift in Sources */ = {isa = PBXBuildFile; fileRef = 5872D1FC2D0AF99C00697A23 /* NetworkManager.swift */; };
		5872D1FE2D0AFC6D00697A23 /* Main.storyboard in Resources */ = {isa = PBXBuildFile; fileRef = 58BA754E2D0AE82B0039C0EA /* Main.storyboard */; };
		5872D2002D0B0DFE00697A23 /* QRScanViewController.swift in Sources */ = {isa = PBXBuildFile; fileRef = 5872D1FF2D0B0DFE00697A23 /* QRScanViewController.swift */; };
		5872D2022D0B0F0900697A23 /* UniversalKeyboardManager.swift in Sources */ = {isa = PBXBuildFile; fileRef = 5872D2012D0B0F0900697A23 /* UniversalKeyboardManager.swift */; };
		5872D2042D0B0F2E00697A23 /* BaseViewController.swift in Sources */ = {isa = PBXBuildFile; fileRef = 5872D2032D0B0F2E00697A23 /* BaseViewController.swift */; };
		58BA75492D0AE82B0039C0EA /* AppDelegate.swift in Sources */ = {isa = PBXBuildFile; fileRef = 58BA75482D0AE82B0039C0EA /* AppDelegate.swift */; };
		58BA754B2D0AE82B0039C0EA /* SceneDelegate.swift in Sources */ = {isa = PBXBuildFile; fileRef = 58BA754A2D0AE82B0039C0EA /* SceneDelegate.swift */; };
		58BA75532D0AE82B0039C0EA /* BauBuddyApp.xcdatamodeld in Resources */ = {isa = PBXBuildFile; fileRef = 58BA75512D0AE82B0039C0EA /* BauBuddyApp.xcdatamodeld */; };
		58BA75552D0AE82D0039C0EA /* Assets.xcassets in Resources */ = {isa = PBXBuildFile; fileRef = 58BA75542D0AE82D0039C0EA /* Assets.xcassets */; };
		58BA75582D0AE82D0039C0EA /* Base in Resources */ = {isa = PBXBuildFile; fileRef = 58BA75572D0AE82D0039C0EA /* Base */; };
		58BA75612D0AE8E70039C0EA /* CoreDataManager.swift in Sources */ = {isa = PBXBuildFile; fileRef = 58BA75602D0AE8E70039C0EA /* CoreDataManager.swift */; };
		58BA75632D0AE91B0039C0EA /* TaskManager.swift in Sources */ = {isa = PBXBuildFile; fileRef = 58BA75622D0AE91B0039C0EA /* TaskManager.swift */; };
		58BA75652D0AE94F0039C0EA /* Task.swift in Sources */ = {isa = PBXBuildFile; fileRef = 58BA75642D0AE94F0039C0EA /* Task.swift */; };
		58BA75692D0AEA2D0039C0EA /* HomeViewController.swift in Sources */ = {isa = PBXBuildFile; fileRef = 58BA75682D0AEA2D0039C0EA /* HomeViewController.swift */; };
		58BA756C2D0AEB340039C0EA /* TaskCellTableViewCell.swift in Sources */ = {isa = PBXBuildFile; fileRef = 58BA756A2D0AEB340039C0EA /* TaskCellTableViewCell.swift */; };
/* End PBXBuildFile section */

/* Begin PBXFileReference section */
		586A6F3B2D108A52009C4FC9 /* TaskModel+CoreDataClass.swift */ = {isa = PBXFileReference; lastKnownFileType = sourcecode.swift; path = "TaskModel+CoreDataClass.swift"; sourceTree = "<group>"; };
		586A6F3C2D108A52009C4FC9 /* TaskModel+CoreDataProperties.swift */ = {isa = PBXFileReference; lastKnownFileType = sourcecode.swift; path = "TaskModel+CoreDataProperties.swift"; sourceTree = "<group>"; };
		5872D1FA2D0AF37000697A23 /* Extensions.swift */ = {isa = PBXFileReference; lastKnownFileType = sourcecode.swift; path = Extensions.swift; sourceTree = "<group>"; };
		5872D1FC2D0AF99C00697A23 /* NetworkManager.swift */ = {isa = PBXFileReference; lastKnownFileType = sourcecode.swift; path = NetworkManager.swift; sourceTree = "<group>"; };
		5872D1FF2D0B0DFE00697A23 /* QRScanViewController.swift */ = {isa = PBXFileReference; lastKnownFileType = sourcecode.swift; path = QRScanViewController.swift; sourceTree = "<group>"; };
		5872D2012D0B0F0900697A23 /* UniversalKeyboardManager.swift */ = {isa = PBXFileReference; lastKnownFileType = sourcecode.swift; path = UniversalKeyboardManager.swift; sourceTree = "<group>"; };
		5872D2032D0B0F2E00697A23 /* BaseViewController.swift */ = {isa = PBXFileReference; lastKnownFileType = sourcecode.swift; path = BaseViewController.swift; sourceTree = "<group>"; };
		58BA75452D0AE82B0039C0EA /* BauBuddyApp.app */ = {isa = PBXFileReference; explicitFileType = wrapper.application; includeInIndex = 0; path = BauBuddyApp.app; sourceTree = BUILT_PRODUCTS_DIR; };
		58BA75482D0AE82B0039C0EA /* AppDelegate.swift */ = {isa = PBXFileReference; lastKnownFileType = sourcecode.swift; path = AppDelegate.swift; sourceTree = "<group>"; };
		58BA754A2D0AE82B0039C0EA /* SceneDelegate.swift */ = {isa = PBXFileReference; lastKnownFileType = sourcecode.swift; path = SceneDelegate.swift; sourceTree = "<group>"; };
		58BA754F2D0AE82B0039C0EA /* Base */ = {isa = PBXFileReference; lastKnownFileType = file.storyboard; name = Base; path = Base.lproj/Main.storyboard; sourceTree = "<group>"; };
		58BA75522D0AE82B0039C0EA /* BauBuddyApp.xcdatamodel */ = {isa = PBXFileReference; lastKnownFileType = wrapper.xcdatamodel; path = BauBuddyApp.xcdatamodel; sourceTree = "<group>"; };
		58BA75542D0AE82D0039C0EA /* Assets.xcassets */ = {isa = PBXFileReference; lastKnownFileType = folder.assetcatalog; path = Assets.xcassets; sourceTree = "<group>"; };
		58BA75572D0AE82D0039C0EA /* Base */ = {isa = PBXFileReference; lastKnownFileType = file.storyboard; name = Base; path = Base.lproj/LaunchScreen.storyboard; sourceTree = "<group>"; };
		58BA75592D0AE82D0039C0EA /* Info.plist */ = {isa = PBXFileReference; lastKnownFileType = text.plist.xml; path = Info.plist; sourceTree = "<group>"; };
		58BA75602D0AE8E70039C0EA /* CoreDataManager.swift */ = {isa = PBXFileReference; lastKnownFileType = sourcecode.swift; path = CoreDataManager.swift; sourceTree = "<group>"; };
		58BA75622D0AE91B0039C0EA /* TaskManager.swift */ = {isa = PBXFileReference; lastKnownFileType = sourcecode.swift; path = TaskManager.swift; sourceTree = "<group>"; };
		58BA75642D0AE94F0039C0EA /* Task.swift */ = {isa = PBXFileReference; lastKnownFileType = sourcecode.swift; path = Task.swift; sourceTree = "<group>"; };
		58BA75682D0AEA2D0039C0EA /* HomeViewController.swift */ = {isa = PBXFileReference; lastKnownFileType = sourcecode.swift; path = HomeViewController.swift; sourceTree = "<group>"; };
		58BA756A2D0AEB340039C0EA /* TaskCellTableViewCell.swift */ = {isa = PBXFileReference; lastKnownFileType = sourcecode.swift; path = TaskCellTableViewCell.swift; sourceTree = "<group>"; };
/* End PBXFileReference section */

/* Begin PBXFrameworksBuildPhase section */
		58BA75422D0AE82B0039C0EA /* Frameworks */ = {
			isa = PBXFrameworksBuildPhase;
			buildActionMask = 2147483647;
			files = (
			);
			runOnlyForDeploymentPostprocessing = 0;
		};
/* End PBXFrameworksBuildPhase section */

/* Begin PBXGroup section */
		58BA753C2D0AE82B0039C0EA = {
			isa = PBXGroup;
			children = (
				586A6F3B2D108A52009C4FC9 /* TaskModel+CoreDataClass.swift */,
				586A6F3C2D108A52009C4FC9 /* TaskModel+CoreDataProperties.swift */,
				58BA75472D0AE82B0039C0EA /* BauBuddyApp */,
				58BA75462D0AE82B0039C0EA /* Products */,
			);
			sourceTree = "<group>";
		};
		58BA75462D0AE82B0039C0EA /* Products */ = {
			isa = PBXGroup;
			children = (
				58BA75452D0AE82B0039C0EA /* BauBuddyApp.app */,
			);
			name = Products;
			sourceTree = "<group>";
		};
		58BA75472D0AE82B0039C0EA /* BauBuddyApp */ = {
			isa = PBXGroup;
			children = (
				58BA75712D0AEB6C0039C0EA /* Delegates */,
				58BA75702D0AEB5E0039C0EA /* Manager */,
				58BA756F2D0AEB430039C0EA /* View */,
				58BA756E2D0AEB3E0039C0EA /* Model */,
				58BA755F2D0AE8DB0039C0EA /* CoreData */,
				58BA754E2D0AE82B0039C0EA /* Main.storyboard */,
				58BA75542D0AE82D0039C0EA /* Assets.xcassets */,
				58BA75562D0AE82D0039C0EA /* LaunchScreen.storyboard */,
				58BA75592D0AE82D0039C0EA /* Info.plist */,
				58BA75512D0AE82B0039C0EA /* BauBuddyApp.xcdatamodeld */,
				5872D1FA2D0AF37000697A23 /* Extensions.swift */,
				5872D2012D0B0F0900697A23 /* UniversalKeyboardManager.swift */,
				5872D2032D0B0F2E00697A23 /* BaseViewController.swift */,
			);
			path = BauBuddyApp;
			sourceTree = "<group>";
		};
		58BA755F2D0AE8DB0039C0EA /* CoreData */ = {
			isa = PBXGroup;
			children = (
				58BA75602D0AE8E70039C0EA /* CoreDataManager.swift */,
			);
			path = CoreData;
			sourceTree = "<group>";
		};
		58BA756E2D0AEB3E0039C0EA /* Model */ = {
			isa = PBXGroup;
			children = (
				58BA75642D0AE94F0039C0EA /* Task.swift */,
			);
			path = Model;
			sourceTree = "<group>";
		};
		58BA756F2D0AEB430039C0EA /* View */ = {
			isa = PBXGroup;
			children = (
				58BA75682D0AEA2D0039C0EA /* HomeViewController.swift */,
				58BA756A2D0AEB340039C0EA /* TaskCellTableViewCell.swift */,
				5872D1FF2D0B0DFE00697A23 /* QRScanViewController.swift */,
			);
			path = View;
			sourceTree = "<group>";
		};
		58BA75702D0AEB5E0039C0EA /* Manager */ = {
			isa = PBXGroup;
			children = (
				58BA75622D0AE91B0039C0EA /* TaskManager.swift */,
				5872D1FC2D0AF99C00697A23 /* NetworkManager.swift */,
			);
			path = Manager;
			sourceTree = "<group>";
		};
		58BA75712D0AEB6C0039C0EA /* Delegates */ = {
			isa = PBXGroup;
			children = (
				58BA75482D0AE82B0039C0EA /* AppDelegate.swift */,
				58BA754A2D0AE82B0039C0EA /* SceneDelegate.swift */,
			);
			path = Delegates;
			sourceTree = "<group>";
		};
/* End PBXGroup section */

/* Begin PBXNativeTarget section */
		58BA75442D0AE82B0039C0EA /* BauBuddyApp */ = {
			isa = PBXNativeTarget;
			buildConfigurationList = 58BA755C2D0AE82D0039C0EA /* Build configuration list for PBXNativeTarget "BauBuddyApp" */;
			buildPhases = (
				58BA75412D0AE82B0039C0EA /* Sources */,
				58BA75422D0AE82B0039C0EA /* Frameworks */,
				58BA75432D0AE82B0039C0EA /* Resources */,
			);
			buildRules = (
			);
			dependencies = (
			);
			name = BauBuddyApp;
			productName = BauBuddyApp;
			productReference = 58BA75452D0AE82B0039C0EA /* BauBuddyApp.app */;
			productType = "com.apple.product-type.application";
		};
/* End PBXNativeTarget section */

/* Begin PBXProject section */
		58BA753D2D0AE82B0039C0EA /* Project object */ = {
			isa = PBXProject;
			attributes = {
				BuildIndependentTargetsInParallel = 1;
				LastSwiftUpdateCheck = 1540;
				LastUpgradeCheck = 1540;
				TargetAttributes = {
					58BA75442D0AE82B0039C0EA = {
						CreatedOnToolsVersion = 15.4;
					};
				};
			};
			buildConfigurationList = 58BA75402D0AE82B0039C0EA /* Build configuration list for PBXProject "BauBuddyApp" */;
			compatibilityVersion = "Xcode 14.0";
			developmentRegion = en;
			hasScannedForEncodings = 0;
			knownRegions = (
				en,
				Base,
			);
			mainGroup = 58BA753C2D0AE82B0039C0EA;
			productRefGroup = 58BA75462D0AE82B0039C0EA /* Products */;
			projectDirPath = "";
			projectRoot = "";
			targets = (
				58BA75442D0AE82B0039C0EA /* BauBuddyApp */,
			);
		};
/* End PBXProject section */

/* Begin PBXResourcesBuildPhase section */
		58BA75432D0AE82B0039C0EA /* Resources */ = {
			isa = PBXResourcesBuildPhase;
			buildActionMask = 2147483647;
			files = (
				5872D1FE2D0AFC6D00697A23 /* Main.storyboard in Resources */,
				5872D1F62D0AF0AB00697A23 /* LaunchScreen.storyboard in Resources */,
				58BA75532D0AE82B0039C0EA /* BauBuddyApp.xcdatamodeld in Resources */,
				58BA75582D0AE82D0039C0EA /* Base in Resources */,
				58BA75552D0AE82D0039C0EA /* Assets.xcassets in Resources */,
			);
			runOnlyForDeploymentPostprocessing = 0;
		};
/* End PBXResourcesBuildPhase section */

/* Begin PBXSourcesBuildPhase section */
		58BA75412D0AE82B0039C0EA /* Sources */ = {
			isa = PBXSourcesBuildPhase;
			buildActionMask = 2147483647;
			files = (
				5872D2002D0B0DFE00697A23 /* QRScanViewController.swift in Sources */,
				5872D1FD2D0AF99C00697A23 /* NetworkManager.swift in Sources */,
				58BA756C2D0AEB340039C0EA /* TaskCellTableViewCell.swift in Sources */,
				58BA75632D0AE91B0039C0EA /* TaskManager.swift in Sources */,
				5872D2022D0B0F0900697A23 /* UniversalKeyboardManager.swift in Sources */,
				5872D2042D0B0F2E00697A23 /* BaseViewController.swift in Sources */,
				586A6F3D2D108A52009C4FC9 /* TaskModel+CoreDataClass.swift in Sources */,
				586A6F3E2D108A52009C4FC9 /* TaskModel+CoreDataProperties.swift in Sources */,
				58BA75492D0AE82B0039C0EA /* AppDelegate.swift in Sources */,
				58BA75692D0AEA2D0039C0EA /* HomeViewController.swift in Sources */,
				58BA75612D0AE8E70039C0EA /* CoreDataManager.swift in Sources */,
				58BA75652D0AE94F0039C0EA /* Task.swift in Sources */,
				5872D1FB2D0AF37000697A23 /* Extensions.swift in Sources */,
				58BA754B2D0AE82B0039C0EA /* SceneDelegate.swift in Sources */,
			);
			runOnlyForDeploymentPostprocessing = 0;
		};
/* End PBXSourcesBuildPhase section */

/* Begin PBXVariantGroup section */
		58BA754E2D0AE82B0039C0EA /* Main.storyboard */ = {
			isa = PBXVariantGroup;
			children = (
				58BA754F2D0AE82B0039C0EA /* Base */,
			);
			name = Main.storyboard;
			sourceTree = "<group>";
		};
		58BA75562D0AE82D0039C0EA /* LaunchScreen.storyboard */ = {
			isa = PBXVariantGroup;
			children = (
				58BA75572D0AE82D0039C0EA /* Base */,
			);
			name = LaunchScreen.storyboard;
			sourceTree = "<group>";
		};
/* End PBXVariantGroup section */

/* Begin XCBuildConfiguration section */
		58BA755A2D0AE82D0039C0EA /* Debug */ = {
			isa = XCBuildConfiguration;
			buildSettings = {
				ALWAYS_SEARCH_USER_PATHS = NO;
				ASSETCATALOG_COMPILER_GENERATE_SWIFT_ASSET_SYMBOL_EXTENSIONS = YES;
				CLANG_ANALYZER_NONNULL = YES;
				CLANG_ANALYZER_NUMBER_OBJECT_CONVERSION = YES_AGGRESSIVE;
				CLANG_CXX_LANGUAGE_STANDARD = "gnu++20";
				CLANG_ENABLE_MODULES = YES;
				CLANG_ENABLE_OBJC_ARC = YES;
				CLANG_ENABLE_OBJC_WEAK = YES;
				CLANG_WARN_BLOCK_CAPTURE_AUTORELEASING = YES;
				CLANG_WARN_BOOL_CONVERSION = YES;
				CLANG_WARN_COMMA = YES;
				CLANG_WARN_CONSTANT_CONVERSION = YES;
				CLANG_WARN_DEPRECATED_OBJC_IMPLEMENTATIONS = YES;
				CLANG_WARN_DIRECT_OBJC_ISA_USAGE = YES_ERROR;
				CLANG_WARN_DOCUMENTATION_COMMENTS = YES;
				CLANG_WARN_EMPTY_BODY = YES;
				CLANG_WARN_ENUM_CONVERSION = YES;
				CLANG_WARN_INFINITE_RECURSION = YES;
				CLANG_WARN_INT_CONVERSION = YES;
				CLANG_WARN_NON_LITERAL_NULL_CONVERSION = YES;
				CLANG_WARN_OBJC_IMPLICIT_RETAIN_SELF = YES;
				CLANG_WARN_OBJC_LITERAL_CONVERSION = YES;
				CLANG_WARN_OBJC_ROOT_CLASS = YES_ERROR;
				CLANG_WARN_QUOTED_INCLUDE_IN_FRAMEWORK_HEADER = YES;
				CLANG_WARN_RANGE_LOOP_ANALYSIS = YES;
				CLANG_WARN_STRICT_PROTOTYPES = YES;
				CLANG_WARN_SUSPICIOUS_MOVE = YES;
				CLANG_WARN_UNGUARDED_AVAILABILITY = YES_AGGRESSIVE;
				CLANG_WARN_UNREACHABLE_CODE = YES;
				CLANG_WARN__DUPLICATE_METHOD_MATCH = YES;
				COPY_PHASE_STRIP = NO;
				DEBUG_INFORMATION_FORMAT = dwarf;
				ENABLE_STRICT_OBJC_MSGSEND = YES;
				ENABLE_TESTABILITY = YES;
				ENABLE_USER_SCRIPT_SANDBOXING = YES;
				GCC_C_LANGUAGE_STANDARD = gnu17;
				GCC_DYNAMIC_NO_PIC = NO;
				GCC_NO_COMMON_BLOCKS = YES;
				GCC_OPTIMIZATION_LEVEL = 0;
				GCC_PREPROCESSOR_DEFINITIONS = (
					"DEBUG=1",
					"$(inherited)",
				);
				GCC_WARN_64_TO_32_BIT_CONVERSION = YES;
				GCC_WARN_ABOUT_RETURN_TYPE = YES_ERROR;
				GCC_WARN_UNDECLARED_SELECTOR = YES;
				GCC_WARN_UNINITIALIZED_AUTOS = YES_AGGRESSIVE;
				GCC_WARN_UNUSED_FUNCTION = YES;
				GCC_WARN_UNUSED_VARIABLE = YES;
				IPHONEOS_DEPLOYMENT_TARGET = 17.5;
				LOCALIZATION_PREFERS_STRING_CATALOGS = YES;
				MTL_ENABLE_DEBUG_INFO = INCLUDE_SOURCE;
				MTL_FAST_MATH = YES;
				ONLY_ACTIVE_ARCH = YES;
				SDKROOT = iphoneos;
				SWIFT_ACTIVE_COMPILATION_CONDITIONS = "DEBUG $(inherited)";
				SWIFT_OPTIMIZATION_LEVEL = "-Onone";
			};
			name = Debug;
		};
		58BA755B2D0AE82D0039C0EA /* Release */ = {
			isa = XCBuildConfiguration;
			buildSettings = {
				ALWAYS_SEARCH_USER_PATHS = NO;
				ASSETCATALOG_COMPILER_GENERATE_SWIFT_ASSET_SYMBOL_EXTENSIONS = YES;
				CLANG_ANALYZER_NONNULL = YES;
				CLANG_ANALYZER_NUMBER_OBJECT_CONVERSION = YES_AGGRESSIVE;
				CLANG_CXX_LANGUAGE_STANDARD = "gnu++20";
				CLANG_ENABLE_MODULES = YES;
				CLANG_ENABLE_OBJC_ARC = YES;
				CLANG_ENABLE_OBJC_WEAK = YES;
				CLANG_WARN_BLOCK_CAPTURE_AUTORELEASING = YES;
				CLANG_WARN_BOOL_CONVERSION = YES;
				CLANG_WARN_COMMA = YES;
				CLANG_WARN_CONSTANT_CONVERSION = YES;
				CLANG_WARN_DEPRECATED_OBJC_IMPLEMENTATIONS = YES;
				CLANG_WARN_DIRECT_OBJC_ISA_USAGE = YES_ERROR;
				CLANG_WARN_DOCUMENTATION_COMMENTS = YES;
				CLANG_WARN_EMPTY_BODY = YES;
				CLANG_WARN_ENUM_CONVERSION = YES;
				CLANG_WARN_INFINITE_RECURSION = YES;
				CLANG_WARN_INT_CONVERSION = YES;
				CLANG_WARN_NON_LITERAL_NULL_CONVERSION = YES;
				CLANG_WARN_OBJC_IMPLICIT_RETAIN_SELF = YES;
				CLANG_WARN_OBJC_LITERAL_CONVERSION = YES;
				CLANG_WARN_OBJC_ROOT_CLASS = YES_ERROR;
				CLANG_WARN_QUOTED_INCLUDE_IN_FRAMEWORK_HEADER = YES;
				CLANG_WARN_RANGE_LOOP_ANALYSIS = YES;
				CLANG_WARN_STRICT_PROTOTYPES = YES;
				CLANG_WARN_SUSPICIOUS_MOVE = YES;
				CLANG_WARN_UNGUARDED_AVAILABILITY = YES_AGGRESSIVE;
				CLANG_WARN_UNREACHABLE_CODE = YES;
				CLANG_WARN__DUPLICATE_METHOD_MATCH = YES;
				COPY_PHASE_STRIP = NO;
				DEBUG_INFORMATION_FORMAT = "dwarf-with-dsym";
				ENABLE_NS_ASSERTIONS = NO;
				ENABLE_STRICT_OBJC_MSGSEND = YES;
				ENABLE_USER_SCRIPT_SANDBOXING = YES;
				GCC_C_LANGUAGE_STANDARD = gnu17;
				GCC_NO_COMMON_BLOCKS = YES;
				GCC_WARN_64_TO_32_BIT_CONVERSION = YES;
				GCC_WARN_ABOUT_RETURN_TYPE = YES_ERROR;
				GCC_WARN_UNDECLARED_SELECTOR = YES;
				GCC_WARN_UNINITIALIZED_AUTOS = YES_AGGRESSIVE;
				GCC_WARN_UNUSED_FUNCTION = YES;
				GCC_WARN_UNUSED_VARIABLE = YES;
				IPHONEOS_DEPLOYMENT_TARGET = 17.5;
				LOCALIZATION_PREFERS_STRING_CATALOGS = YES;
				MTL_ENABLE_DEBUG_INFO = NO;
				MTL_FAST_MATH = YES;
				SDKROOT = iphoneos;
				SWIFT_COMPILATION_MODE = wholemodule;
				VALIDATE_PRODUCT = YES;
			};
			name = Release;
		};
		58BA755D2D0AE82D0039C0EA /* Debug */ = {
			isa = XCBuildConfiguration;
			buildSettings = {
				ASSETCATALOG_COMPILER_APPICON_NAME = AppIcon;
				ASSETCATALOG_COMPILER_GLOBAL_ACCENT_COLOR_NAME = AccentColor;
				CODE_SIGN_STYLE = Automatic;
				CURRENT_PROJECT_VERSION = 1;
				DEVELOPMENT_TEAM = 7763V978HX;
				GENERATE_INFOPLIST_FILE = YES;
				INFOPLIST_FILE = BauBuddyApp/Info.plist;
				INFOPLIST_KEY_UIApplicationSupportsIndirectInputEvents = YES;
				INFOPLIST_KEY_UILaunchStoryboardName = LaunchScreen;
				INFOPLIST_KEY_UIMainStoryboardFile = Main;
				INFOPLIST_KEY_UISupportedInterfaceOrientations = UIInterfaceOrientationPortrait;
				INFOPLIST_KEY_UISupportedInterfaceOrientations_iPad = "UIInterfaceOrientationLandscapeLeft UIInterfaceOrientationLandscapeRight UIInterfaceOrientationPortrait UIInterfaceOrientationPortraitUpsideDown";
				IPHONEOS_DEPLOYMENT_TARGET = 17.0;
				LD_RUNPATH_SEARCH_PATHS = (
					"$(inherited)",
					"@executable_path/Frameworks",
				);
				MARKETING_VERSION = 1.0;
				PRODUCT_BUNDLE_IDENTIFIER = EkinAtasoy.BauBuddyApp;
				PRODUCT_NAME = "$(TARGET_NAME)";
				SUPPORTED_PLATFORMS = "iphoneos iphonesimulator";
				SUPPORTS_MACCATALYST = NO;
				SUPPORTS_MAC_DESIGNED_FOR_IPHONE_IPAD = YES;
				SUPPORTS_XR_DESIGNED_FOR_IPHONE_IPAD = NO;
				SWIFT_EMIT_LOC_STRINGS = YES;
				SWIFT_VERSION = 5.0;
				TARGETED_DEVICE_FAMILY = 1;
			};
			name = Debug;
		};
		58BA755E2D0AE82D0039C0EA /* Release */ = {
			isa = XCBuildConfiguration;
			buildSettings = {
				ASSETCATALOG_COMPILER_APPICON_NAME = AppIcon;
				ASSETCATALOG_COMPILER_GLOBAL_ACCENT_COLOR_NAME = AccentColor;
				CODE_SIGN_STYLE = Automatic;
				CURRENT_PROJECT_VERSION = 1;
				DEVELOPMENT_TEAM = 7763V978HX;
				GENERATE_INFOPLIST_FILE = YES;
				INFOPLIST_FILE = BauBuddyApp/Info.plist;
				INFOPLIST_KEY_UIApplicationSupportsIndirectInputEvents = YES;
				INFOPLIST_KEY_UILaunchStoryboardName = LaunchScreen;
				INFOPLIST_KEY_UIMainStoryboardFile = Main;
				INFOPLIST_KEY_UISupportedInterfaceOrientations = UIInterfaceOrientationPortrait;
				INFOPLIST_KEY_UISupportedInterfaceOrientations_iPad = "UIInterfaceOrientationLandscapeLeft UIInterfaceOrientationLandscapeRight UIInterfaceOrientationPortrait UIInterfaceOrientationPortraitUpsideDown";
				IPHONEOS_DEPLOYMENT_TARGET = 17.0;
				LD_RUNPATH_SEARCH_PATHS = (
					"$(inherited)",
					"@executable_path/Frameworks",
				);
				MARKETING_VERSION = 1.0;
				PRODUCT_BUNDLE_IDENTIFIER = EkinAtasoy.BauBuddyApp;
				PRODUCT_NAME = "$(TARGET_NAME)";
				SUPPORTED_PLATFORMS = "iphoneos iphonesimulator";
				SUPPORTS_MACCATALYST = NO;
				SUPPORTS_MAC_DESIGNED_FOR_IPHONE_IPAD = YES;
				SUPPORTS_XR_DESIGNED_FOR_IPHONE_IPAD = NO;
				SWIFT_EMIT_LOC_STRINGS = YES;
				SWIFT_VERSION = 5.0;
				TARGETED_DEVICE_FAMILY = 1;
			};
			name = Release;
		};
/* End XCBuildConfiguration section */

/* Begin XCConfigurationList section */
		58BA75402D0AE82B0039C0EA /* Build configuration list for PBXProject "BauBuddyApp" */ = {
			isa = XCConfigurationList;
			buildConfigurations = (
				58BA755A2D0AE82D0039C0EA /* Debug */,
				58BA755B2D0AE82D0039C0EA /* Release */,
			);
			defaultConfigurationIsVisible = 0;
			defaultConfigurationName = Release;
		};
		58BA755C2D0AE82D0039C0EA /* Build configuration list for PBXNativeTarget "BauBuddyApp" */ = {
			isa = XCConfigurationList;
			buildConfigurations = (
				58BA755D2D0AE82D0039C0EA /* Debug */,
				58BA755E2D0AE82D0039C0EA /* Release */,
			);
			defaultConfigurationIsVisible = 0;
			defaultConfigurationName = Release;
		};
/* End XCConfigurationList section */

/* Begin XCVersionGroup section */
		58BA75512D0AE82B0039C0EA /* BauBuddyApp.xcdatamodeld */ = {
			isa = XCVersionGroup;
			children = (
				58BA75522D0AE82B0039C0EA /* BauBuddyApp.xcdatamodel */,
			);
			currentVersion = 58BA75522D0AE82B0039C0EA /* BauBuddyApp.xcdatamodel */;
			path = BauBuddyApp.xcdatamodeld;
			sourceTree = "<group>";
			versionGroupType = wrapper.xcdatamodel;
		};
/* End XCVersionGroup section */
	};
	rootObject = 58BA753D2D0AE82B0039C0EA /* Project object */;
}
